// !$*UTF8*$!
{
	archiveVersion = 1;
	classes = {
	};
	objectVersion = 56;
	objects = {

/* Begin PBXBuildFile section */
		3376307E2A8CA073003F30B2 /* AppDelegate.swift in Sources */ = {isa = PBXBuildFile; fileRef = 3376307D2A8CA073003F30B2 /* AppDelegate.swift */; };
		337630802A8CA073003F30B2 /* SceneDelegate.swift in Sources */ = {isa = PBXBuildFile; fileRef = 3376307F2A8CA073003F30B2 /* SceneDelegate.swift */; };
		337630822A8CA073003F30B2 /* ViewController.swift in Sources */ = {isa = PBXBuildFile; fileRef = 337630812A8CA073003F30B2 /* ViewController.swift */; };
		337630872A8CA074003F30B2 /* Assets.xcassets in Resources */ = {isa = PBXBuildFile; fileRef = 337630862A8CA074003F30B2 /* Assets.xcassets */; };
		3376308A2A8CA074003F30B2 /* LaunchScreen.storyboard in Resources */ = {isa = PBXBuildFile; fileRef = 337630882A8CA074003F30B2 /* LaunchScreen.storyboard */; };
		3376309F2A8CA2B2003F30B2 /* PinMedia.swift in Sources */ = {isa = PBXBuildFile; fileRef = 3376309E2A8CA2B2003F30B2 /* PinMedia.swift */; };
		337630A12A8CA331003F30B2 /* User.swift in Sources */ = {isa = PBXBuildFile; fileRef = 337630A02A8CA331003F30B2 /* User.swift */; };
		337630A42A8CA34C003F30B2 /* AuthService.swift in Sources */ = {isa = PBXBuildFile; fileRef = 337630A32A8CA34C003F30B2 /* AuthService.swift */; };
		337630A82A8CA36E003F30B2 /* Button.swift in Sources */ = {isa = PBXBuildFile; fileRef = 337630A72A8CA36E003F30B2 /* Button.swift */; };
		337630AB2A8CA395003F30B2 /* UIViewController+Preview.swift in Sources */ = {isa = PBXBuildFile; fileRef = 337630AA2A8CA395003F30B2 /* UIViewController+Preview.swift */; };
		337630AF2A8CAE74003F30B2 /* HomeViewController.swift in Sources */ = {isa = PBXBuildFile; fileRef = 337630AE2A8CAE74003F30B2 /* HomeViewController.swift */; };
		337630B12A8CAE7C003F30B2 /* NewPostViewController.swift in Sources */ = {isa = PBXBuildFile; fileRef = 337630B02A8CAE7C003F30B2 /* NewPostViewController.swift */; };
		337630B32A8CAE84003F30B2 /* ProfileViewController.swift in Sources */ = {isa = PBXBuildFile; fileRef = 337630B22A8CAE84003F30B2 /* ProfileViewController.swift */; };
/* End PBXBuildFile section */

/* Begin PBXFileReference section */
		3376307A2A8CA073003F30B2 /* PinterestApp.app */ = {isa = PBXFileReference; explicitFileType = wrapper.application; includeInIndex = 0; path = PinterestApp.app; sourceTree = BUILT_PRODUCTS_DIR; };
		3376307D2A8CA073003F30B2 /* AppDelegate.swift */ = {isa = PBXFileReference; lastKnownFileType = sourcecode.swift; path = AppDelegate.swift; sourceTree = "<group>"; };
		3376307F2A8CA073003F30B2 /* SceneDelegate.swift */ = {isa = PBXFileReference; lastKnownFileType = sourcecode.swift; path = SceneDelegate.swift; sourceTree = "<group>"; };
		337630812A8CA073003F30B2 /* ViewController.swift */ = {isa = PBXFileReference; lastKnownFileType = sourcecode.swift; path = ViewController.swift; sourceTree = "<group>"; };
		337630862A8CA074003F30B2 /* Assets.xcassets */ = {isa = PBXFileReference; lastKnownFileType = folder.assetcatalog; path = Assets.xcassets; sourceTree = "<group>"; };
		337630892A8CA074003F30B2 /* Base */ = {isa = PBXFileReference; lastKnownFileType = file.storyboard; name = Base; path = Base.lproj/LaunchScreen.storyboard; sourceTree = "<group>"; };
		3376308B2A8CA074003F30B2 /* Info.plist */ = {isa = PBXFileReference; lastKnownFileType = text.plist.xml; path = Info.plist; sourceTree = "<group>"; };
		3376309E2A8CA2B2003F30B2 /* PinMedia.swift */ = {isa = PBXFileReference; lastKnownFileType = sourcecode.swift; path = PinMedia.swift; sourceTree = "<group>"; };
		337630A02A8CA331003F30B2 /* User.swift */ = {isa = PBXFileReference; lastKnownFileType = sourcecode.swift; path = User.swift; sourceTree = "<group>"; };
		337630A32A8CA34C003F30B2 /* AuthService.swift */ = {isa = PBXFileReference; lastKnownFileType = sourcecode.swift; path = AuthService.swift; sourceTree = "<group>"; };
		337630A72A8CA36E003F30B2 /* Button.swift */ = {isa = PBXFileReference; lastKnownFileType = sourcecode.swift; path = Button.swift; sourceTree = "<group>"; };
		337630AA2A8CA395003F30B2 /* UIViewController+Preview.swift */ = {isa = PBXFileReference; lastKnownFileType = sourcecode.swift; path = "UIViewController+Preview.swift"; sourceTree = "<group>"; };
		337630AE2A8CAE74003F30B2 /* HomeViewController.swift */ = {isa = PBXFileReference; lastKnownFileType = sourcecode.swift; path = HomeViewController.swift; sourceTree = "<group>"; };
		337630B02A8CAE7C003F30B2 /* NewPostViewController.swift */ = {isa = PBXFileReference; lastKnownFileType = sourcecode.swift; path = NewPostViewController.swift; sourceTree = "<group>"; };
		337630B22A8CAE84003F30B2 /* ProfileViewController.swift */ = {isa = PBXFileReference; lastKnownFileType = sourcecode.swift; path = ProfileViewController.swift; sourceTree = "<group>"; };
/* End PBXFileReference section */

/* Begin PBXFrameworksBuildPhase section */
		337630772A8CA073003F30B2 /* Frameworks */ = {
			isa = PBXFrameworksBuildPhase;
			buildActionMask = 2147483647;
			files = (
			);
			runOnlyForDeploymentPostprocessing = 0;
		};
/* End PBXFrameworksBuildPhase section */

/* Begin PBXGroup section */
		337630712A8CA073003F30B2 = {
			isa = PBXGroup;
			children = (
				3376307C2A8CA073003F30B2 /* PinterestApp */,
				3376307B2A8CA073003F30B2 /* Products */,
			);
			sourceTree = "<group>";
		};
		3376307B2A8CA073003F30B2 /* Products */ = {
			isa = PBXGroup;
			children = (
				3376307A2A8CA073003F30B2 /* PinterestApp.app */,
			);
			name = Products;
			sourceTree = "<group>";
		};
		3376307C2A8CA073003F30B2 /* PinterestApp */ = {
			isa = PBXGroup;
			children = (
				3376309C2A8CA298003F30B2 /* Resources */,
				337630A62A8CA35A003F30B2 /* Views */,
				3376309D2A8CA2A4003F30B2 /* Models */,
				337630A22A8CA33E003F30B2 /* Services */,
				337630A52A8CA353003F30B2 /* Controllers */,
				337630A92A8CA382003F30B2 /* Extensions */,
				3376308B2A8CA074003F30B2 /* Info.plist */,
			);
			path = PinterestApp;
			sourceTree = "<group>";
		};
		3376309C2A8CA298003F30B2 /* Resources */ = {
			isa = PBXGroup;
			children = (
				337630862A8CA074003F30B2 /* Assets.xcassets */,
				3376307D2A8CA073003F30B2 /* AppDelegate.swift */,
				3376307F2A8CA073003F30B2 /* SceneDelegate.swift */,
			);
			path = Resources;
			sourceTree = "<group>";
		};
		3376309D2A8CA2A4003F30B2 /* Models */ = {
			isa = PBXGroup;
			children = (
				3376309E2A8CA2B2003F30B2 /* PinMedia.swift */,
				337630A02A8CA331003F30B2 /* User.swift */,
			);
			path = Models;
			sourceTree = "<group>";
		};
		337630A22A8CA33E003F30B2 /* Services */ = {
			isa = PBXGroup;
			children = (
				337630A32A8CA34C003F30B2 /* AuthService.swift */,
			);
			path = Services;
			sourceTree = "<group>";
		};
		337630A52A8CA353003F30B2 /* Controllers */ = {
			isa = PBXGroup;
			children = (
				337630812A8CA073003F30B2 /* ViewController.swift */,
				337630AE2A8CAE74003F30B2 /* HomeViewController.swift */,
				337630B02A8CAE7C003F30B2 /* NewPostViewController.swift */,
				337630B22A8CAE84003F30B2 /* ProfileViewController.swift */,
			);
			path = Controllers;
			sourceTree = "<group>";
		};
		337630A62A8CA35A003F30B2 /* Views */ = {
			isa = PBXGroup;
			children = (
				337630882A8CA074003F30B2 /* LaunchScreen.storyboard */,
				337630A72A8CA36E003F30B2 /* Button.swift */,
			);
			path = Views;
			sourceTree = "<group>";
		};
		337630A92A8CA382003F30B2 /* Extensions */ = {
			isa = PBXGroup;
			children = (
				337630AA2A8CA395003F30B2 /* UIViewController+Preview.swift */,
			);
			path = Extensions;
			sourceTree = "<group>";
		};
/* End PBXGroup section */

/* Begin PBXNativeTarget section */
		337630792A8CA073003F30B2 /* PinterestApp */ = {
			isa = PBXNativeTarget;
			buildConfigurationList = 3376308E2A8CA074003F30B2 /* Build configuration list for PBXNativeTarget "PinterestApp" */;
			buildPhases = (
				337630762A8CA073003F30B2 /* Sources */,
				337630772A8CA073003F30B2 /* Frameworks */,
				337630782A8CA073003F30B2 /* Resources */,
			);
			buildRules = (
			);
			dependencies = (
			);
			name = PinterestApp;
			productName = PinterestApp;
			productReference = 3376307A2A8CA073003F30B2 /* PinterestApp.app */;
			productType = "com.apple.product-type.application";
		};
/* End PBXNativeTarget section */

/* Begin PBXProject section */
		337630722A8CA073003F30B2 /* Project object */ = {
			isa = PBXProject;
			attributes = {
				BuildIndependentTargetsInParallel = 1;
				LastSwiftUpdateCheck = 1430;
				LastUpgradeCheck = 1430;
				TargetAttributes = {
					337630792A8CA073003F30B2 = {
						CreatedOnToolsVersion = 14.3.1;
					};
				};
			};
			buildConfigurationList = 337630752A8CA073003F30B2 /* Build configuration list for PBXProject "PinterestApp" */;
			compatibilityVersion = "Xcode 14.0";
			developmentRegion = en;
			hasScannedForEncodings = 0;
			knownRegions = (
				en,
				Base,
			);
			mainGroup = 337630712A8CA073003F30B2;
			productRefGroup = 3376307B2A8CA073003F30B2 /* Products */;
			projectDirPath = "";
			projectRoot = "";
			targets = (
				337630792A8CA073003F30B2 /* PinterestApp */,
			);
		};
/* End PBXProject section */

/* Begin PBXResourcesBuildPhase section */
		337630782A8CA073003F30B2 /* Resources */ = {
			isa = PBXResourcesBuildPhase;
			buildActionMask = 2147483647;
			files = (
				3376308A2A8CA074003F30B2 /* LaunchScreen.storyboard in Resources */,
				337630872A8CA074003F30B2 /* Assets.xcassets in Resources */,
			);
			runOnlyForDeploymentPostprocessing = 0;
		};
/* End PBXResourcesBuildPhase section */

/* Begin PBXSourcesBuildPhase section */
		337630762A8CA073003F30B2 /* Sources */ = {
			isa = PBXSourcesBuildPhase;
			buildActionMask = 2147483647;
			files = (
				337630AF2A8CAE74003F30B2 /* HomeViewController.swift in Sources */,
				337630A82A8CA36E003F30B2 /* Button.swift in Sources */,
				337630822A8CA073003F30B2 /* ViewController.swift in Sources */,
				3376307E2A8CA073003F30B2 /* AppDelegate.swift in Sources */,
				337630AB2A8CA395003F30B2 /* UIViewController+Preview.swift in Sources */,
				3376309F2A8CA2B2003F30B2 /* PinMedia.swift in Sources */,
				337630A42A8CA34C003F30B2 /* AuthService.swift in Sources */,
				337630A12A8CA331003F30B2 /* User.swift in Sources */,
				337630B32A8CAE84003F30B2 /* ProfileViewController.swift in Sources */,
				337630B12A8CAE7C003F30B2 /* NewPostViewController.swift in Sources */,
				337630802A8CA073003F30B2 /* SceneDelegate.swift in Sources */,
			);
			runOnlyForDeploymentPostprocessing = 0;
		};
/* End PBXSourcesBuildPhase section */

/* Begin PBXVariantGroup section */
		337630882A8CA074003F30B2 /* LaunchScreen.storyboard */ = {
			isa = PBXVariantGroup;
			children = (
				337630892A8CA074003F30B2 /* Base */,
			);
			name = LaunchScreen.storyboard;
			sourceTree = "<group>";
		};
/* End PBXVariantGroup section */

/* Begin XCBuildConfiguration section */
		3376308C2A8CA074003F30B2 /* Debug */ = {
			isa = XCBuildConfiguration;
			buildSettings = {
				ALWAYS_SEARCH_USER_PATHS = NO;
				CLANG_ANALYZER_NONNULL = YES;
				CLANG_ANALYZER_NUMBER_OBJECT_CONVERSION = YES_AGGRESSIVE;
				CLANG_CXX_LANGUAGE_STANDARD = "gnu++20";
				CLANG_ENABLE_MODULES = YES;
				CLANG_ENABLE_OBJC_ARC = YES;
				CLANG_ENABLE_OBJC_WEAK = YES;
				CLANG_WARN_BLOCK_CAPTURE_AUTORELEASING = YES;
				CLANG_WARN_BOOL_CONVERSION = YES;
				CLANG_WARN_COMMA = YES;
				CLANG_WARN_CONSTANT_CONVERSION = YES;
				CLANG_WARN_DEPRECATED_OBJC_IMPLEMENTATIONS = YES;
				CLANG_WARN_DIRECT_OBJC_ISA_USAGE = YES_ERROR;
				CLANG_WARN_DOCUMENTATION_COMMENTS = YES;
				CLANG_WARN_EMPTY_BODY = YES;
				CLANG_WARN_ENUM_CONVERSION = YES;
				CLANG_WARN_INFINITE_RECURSION = YES;
				CLANG_WARN_INT_CONVERSION = YES;
				CLANG_WARN_NON_LITERAL_NULL_CONVERSION = YES;
				CLANG_WARN_OBJC_IMPLICIT_RETAIN_SELF = YES;
				CLANG_WARN_OBJC_LITERAL_CONVERSION = YES;
				CLANG_WARN_OBJC_ROOT_CLASS = YES_ERROR;
				CLANG_WARN_QUOTED_INCLUDE_IN_FRAMEWORK_HEADER = YES;
				CLANG_WARN_RANGE_LOOP_ANALYSIS = YES;
				CLANG_WARN_STRICT_PROTOTYPES = YES;
				CLANG_WARN_SUSPICIOUS_MOVE = YES;
				CLANG_WARN_UNGUARDED_AVAILABILITY = YES_AGGRESSIVE;
				CLANG_WARN_UNREACHABLE_CODE = YES;
				CLANG_WARN__DUPLICATE_METHOD_MATCH = YES;
				COPY_PHASE_STRIP = NO;
				DEBUG_INFORMATION_FORMAT = dwarf;
				ENABLE_STRICT_OBJC_MSGSEND = YES;
				ENABLE_TESTABILITY = YES;
				GCC_C_LANGUAGE_STANDARD = gnu11;
				GCC_DYNAMIC_NO_PIC = NO;
				GCC_NO_COMMON_BLOCKS = YES;
				GCC_OPTIMIZATION_LEVEL = 0;
				GCC_PREPROCESSOR_DEFINITIONS = (
					"DEBUG=1",
					"$(inherited)",
				);
				GCC_WARN_64_TO_32_BIT_CONVERSION = YES;
				GCC_WARN_ABOUT_RETURN_TYPE = YES_ERROR;
				GCC_WARN_UNDECLARED_SELECTOR = YES;
				GCC_WARN_UNINITIALIZED_AUTOS = YES_AGGRESSIVE;
				GCC_WARN_UNUSED_FUNCTION = YES;
				GCC_WARN_UNUSED_VARIABLE = YES;
				IPHONEOS_DEPLOYMENT_TARGET = 14.0;
				MTL_ENABLE_DEBUG_INFO = INCLUDE_SOURCE;
				MTL_FAST_MATH = YES;
				ONLY_ACTIVE_ARCH = YES;
				SDKROOT = iphoneos;
				SWIFT_ACTIVE_COMPILATION_CONDITIONS = DEBUG;
				SWIFT_OPTIMIZATION_LEVEL = "-Onone";
			};
			name = Debug;
		};
		3376308D2A8CA074003F30B2 /* Release */ = {
			isa = XCBuildConfiguration;
			buildSettings = {
				ALWAYS_SEARCH_USER_PATHS = NO;
				CLANG_ANALYZER_NONNULL = YES;
				CLANG_ANALYZER_NUMBER_OBJECT_CONVERSION = YES_AGGRESSIVE;
				CLANG_CXX_LANGUAGE_STANDARD = "gnu++20";
				CLANG_ENABLE_MODULES = YES;
				CLANG_ENABLE_OBJC_ARC = YES;
				CLANG_ENABLE_OBJC_WEAK = YES;
				CLANG_WARN_BLOCK_CAPTURE_AUTORELEASING = YES;
				CLANG_WARN_BOOL_CONVERSION = YES;
				CLANG_WARN_COMMA = YES;
				CLANG_WARN_CONSTANT_CONVERSION = YES;
				CLANG_WARN_DEPRECATED_OBJC_IMPLEMENTATIONS = YES;
				CLANG_WARN_DIRECT_OBJC_ISA_USAGE = YES_ERROR;
				CLANG_WARN_DOCUMENTATION_COMMENTS = YES;
				CLANG_WARN_EMPTY_BODY = YES;
				CLANG_WARN_ENUM_CONVERSION = YES;
				CLANG_WARN_INFINITE_RECURSION = YES;
				CLANG_WARN_INT_CONVERSION = YES;
				CLANG_WARN_NON_LITERAL_NULL_CONVERSION = YES;
				CLANG_WARN_OBJC_IMPLICIT_RETAIN_SELF = YES;
				CLANG_WARN_OBJC_LITERAL_CONVERSION = YES;
				CLANG_WARN_OBJC_ROOT_CLASS = YES_ERROR;
				CLANG_WARN_QUOTED_INCLUDE_IN_FRAMEWORK_HEADER = YES;
				CLANG_WARN_RANGE_LOOP_ANALYSIS = YES;
				CLANG_WARN_STRICT_PROTOTYPES = YES;
				CLANG_WARN_SUSPICIOUS_MOVE = YES;
				CLANG_WARN_UNGUARDED_AVAILABILITY = YES_AGGRESSIVE;
				CLANG_WARN_UNREACHABLE_CODE = YES;
				CLANG_WARN__DUPLICATE_METHOD_MATCH = YES;
				COPY_PHASE_STRIP = NO;
				DEBUG_INFORMATION_FORMAT = "dwarf-with-dsym";
				ENABLE_NS_ASSERTIONS = NO;
				ENABLE_STRICT_OBJC_MSGSEND = YES;
				GCC_C_LANGUAGE_STANDARD = gnu11;
				GCC_NO_COMMON_BLOCKS = YES;
				GCC_WARN_64_TO_32_BIT_CONVERSION = YES;
				GCC_WARN_ABOUT_RETURN_TYPE = YES_ERROR;
				GCC_WARN_UNDECLARED_SELECTOR = YES;
				GCC_WARN_UNINITIALIZED_AUTOS = YES_AGGRESSIVE;
				GCC_WARN_UNUSED_FUNCTION = YES;
				GCC_WARN_UNUSED_VARIABLE = YES;
				IPHONEOS_DEPLOYMENT_TARGET = 14.0;
				MTL_ENABLE_DEBUG_INFO = NO;
				MTL_FAST_MATH = YES;
				SDKROOT = iphoneos;
				SWIFT_COMPILATION_MODE = wholemodule;
				SWIFT_OPTIMIZATION_LEVEL = "-O";
				VALIDATE_PRODUCT = YES;
			};
			name = Release;
		};
		3376308F2A8CA074003F30B2 /* Debug */ = {
			isa = XCBuildConfiguration;
			buildSettings = {
				ASSETCATALOG_COMPILER_APPICON_NAME = AppIcon;
				ASSETCATALOG_COMPILER_GLOBAL_ACCENT_COLOR_NAME = AccentColor;
				CODE_SIGN_STYLE = Automatic;
				CURRENT_PROJECT_VERSION = 1;
				DEVELOPMENT_TEAM = V94RHZNH5T;
				GENERATE_INFOPLIST_FILE = YES;
				INFOPLIST_FILE = PinterestApp/Info.plist;
				INFOPLIST_KEY_UIApplicationSupportsIndirectInputEvents = YES;
				INFOPLIST_KEY_UILaunchStoryboardName = LaunchScreen;
				INFOPLIST_KEY_UISupportedInterfaceOrientations_iPad = "UIInterfaceOrientationPortrait UIInterfaceOrientationPortraitUpsideDown UIInterfaceOrientationLandscapeLeft UIInterfaceOrientationLandscapeRight";
				INFOPLIST_KEY_UISupportedInterfaceOrientations_iPhone = "UIInterfaceOrientationPortrait UIInterfaceOrientationLandscapeLeft UIInterfaceOrientationLandscapeRight";
				IPHONEOS_DEPLOYMENT_TARGET = 14.0;
				LD_RUNPATH_SEARCH_PATHS = (
					"$(inherited)",
					"@executable_path/Frameworks",
				);
				MARKETING_VERSION = 1.0;
				PRODUCT_BUNDLE_IDENTIFIER = dev.jinyongp.PinterestApp;
				PRODUCT_NAME = "$(TARGET_NAME)";
				SUPPORTED_PLATFORMS = "iphoneos iphonesimulator";
				SUPPORTS_MACCATALYST = NO;
				SUPPORTS_MAC_DESIGNED_FOR_IPHONE_IPAD = NO;
				SWIFT_EMIT_LOC_STRINGS = YES;
				SWIFT_VERSION = 5.0;
				TARGETED_DEVICE_FAMILY = 1;
			};
			name = Debug;
		};
		337630902A8CA074003F30B2 /* Release */ = {
			isa = XCBuildConfiguration;
			buildSettings = {
				ASSETCATALOG_COMPILER_APPICON_NAME = AppIcon;
				ASSETCATALOG_COMPILER_GLOBAL_ACCENT_COLOR_NAME = AccentColor;
				CODE_SIGN_STYLE = Automatic;
				CURRENT_PROJECT_VERSION = 1;
				DEVELOPMENT_TEAM = V94RHZNH5T;
				GENERATE_INFOPLIST_FILE = YES;
				INFOPLIST_FILE = PinterestApp/Info.plist;
				INFOPLIST_KEY_UIApplicationSupportsIndirectInputEvents = YES;
				INFOPLIST_KEY_UILaunchStoryboardName = LaunchScreen;
				INFOPLIST_KEY_UISupportedInterfaceOrientations_iPad = "UIInterfaceOrientationPortrait UIInterfaceOrientationPortraitUpsideDown UIInterfaceOrientationLandscapeLeft UIInterfaceOrientationLandscapeRight";
				INFOPLIST_KEY_UISupportedInterfaceOrientations_iPhone = "UIInterfaceOrientationPortrait UIInterfaceOrientationLandscapeLeft UIInterfaceOrientationLandscapeRight";
				IPHONEOS_DEPLOYMENT_TARGET = 14.0;
				LD_RUNPATH_SEARCH_PATHS = (
					"$(inherited)",
					"@executable_path/Frameworks",
				);
				MARKETING_VERSION = 1.0;
				PRODUCT_BUNDLE_IDENTIFIER = dev.jinyongp.PinterestApp;
				PRODUCT_NAME = "$(TARGET_NAME)";
				SUPPORTED_PLATFORMS = "iphoneos iphonesimulator";
				SUPPORTS_MACCATALYST = NO;
				SUPPORTS_MAC_DESIGNED_FOR_IPHONE_IPAD = NO;
				SWIFT_EMIT_LOC_STRINGS = YES;
				SWIFT_VERSION = 5.0;
				TARGETED_DEVICE_FAMILY = 1;
			};
			name = Release;
		};
/* End XCBuildConfiguration section */

/* Begin XCConfigurationList section */
		337630752A8CA073003F30B2 /* Build configuration list for PBXProject "PinterestApp" */ = {
			isa = XCConfigurationList;
			buildConfigurations = (
				3376308C2A8CA074003F30B2 /* Debug */,
				3376308D2A8CA074003F30B2 /* Release */,
			);
			defaultConfigurationIsVisible = 0;
			defaultConfigurationName = Release;
		};
		3376308E2A8CA074003F30B2 /* Build configuration list for PBXNativeTarget "PinterestApp" */ = {
			isa = XCConfigurationList;
			buildConfigurations = (
				3376308F2A8CA074003F30B2 /* Debug */,
				337630902A8CA074003F30B2 /* Release */,
			);
			defaultConfigurationIsVisible = 0;
			defaultConfigurationName = Release;
		};
/* End XCConfigurationList section */
	};
	rootObject = 337630722A8CA073003F30B2 /* Project object */;
}
